{
  "name": "@jubbio/voice",
  "version": "1.0.1",
  "lockfileVersion": 3,
  "requires": true,
  "packages": {
    "": {
      "name": "@jubbio/voice",
      "version": "1.0.1",
      "dependencies": {
        "@livekit/rtc-node": "^0.12.1"
      },
      "devDependencies": {
        "@types/node": "^20.0.0",
        "typescript": "^5.0.0"
      },
      "engines": {
        "node": ">=18.0.0"
      }
    },
    "node_modules/@bufbuild/protobuf": {
      "version": "2.11.0",
      "resolved": "https://registry.npmjs.org/@bufbuild/protobuf/-/protobuf-2.11.0.tgz",
      "integrity": "sha512-sBXGT13cpmPR5BMgHE6UEEfEaShh5Ror6rfN3yEK5si7QVrtZg8LEPQb0VVhiLRUslD2yLnXtnRzG035J/mZXQ==",
      "license": "(Apache-2.0 AND BSD-3-Clause)"
    },
    "node_modules/@livekit/mutex": {
      "version": "1.1.1",
      "resolved": "https://registry.npmjs.org/@livekit/mutex/-/mutex-1.1.1.tgz",
      "integrity": "sha512-EsshAucklmpuUAfkABPxJNhzj9v2sG7JuzFDL4ML1oJQSV14sqrpTYnsaOudMAw9yOaW53NU3QQTlUQoRs4czw==",
      "license": "Apache-2.0"
    },
    "node_modules/@livekit/rtc-node": {
      "version": "0.12.2",
      "resolved": "https://registry.npmjs.org/@livekit/rtc-node/-/rtc-node-0.12.2.tgz",
      "integrity": "sha512-sLiLnB/4HGlUcFyMKCZVLi4VFeMHz6fO93XLyqWoe8rwn73yHu1/DnVrD80IP77+eXHnZopqJxyYsGmfa+/btw==",
      "license": "Apache-2.0",
      "dependencies": {
        "@bufbuild/protobuf": "^2.2.0",
        "@livekit/mutex": "^1.0.0",
        "@livekit/typed-emitter": "^3.0.0"
      },
      "engines": {
        "node": ">= 18"
      },
      "optionalDependencies": {
        "@livekit/rtc-node-darwin-arm64": "0.12.2",
        "@livekit/rtc-node-darwin-x64": "0.12.2",
        "@livekit/rtc-node-linux-arm64-gnu": "0.12.2",
        "@livekit/rtc-node-linux-x64-gnu": "0.12.2",
        "@livekit/rtc-node-win32-x64-msvc": "0.12.2"
      }
    },
    "node_modules/@livekit/rtc-node-darwin-arm64": {
      "version": "0.12.2",
      "resolved": "https://registry.npmjs.org/@livekit/rtc-node-darwin-arm64/-/rtc-node-darwin-arm64-0.12.2.tgz",
      "integrity": "sha512-oqr6VUNtmoRgRpL51QiCAY2UCYe7xUPtxhlp47MPHgKwMeujHcFbjWcL5Q4ZX5qjTvwnXpl8AaWEn1cl4gYStQ==",
      "cpu": [
        "arm64"
      ],
      "license": "Apache-2.0",
      "optional": true,
      "os": [
        "darwin"
      ],
      "engines": {
        "node": ">= 10"
      }
    },
    "node_modules/@livekit/rtc-node-darwin-x64": {
      "version": "0.12.2",
      "resolved": "https://registry.npmjs.org/@livekit/rtc-node-darwin-x64/-/rtc-node-darwin-x64-0.12.2.tgz",
      "integrity": "sha512-FNIA8Mum8Wf+gHHFXmWel/+UJ0IR/0MPYIIv4/dB2o9h8TdeFxaIZsHQLejkIt93eb0fYS1CmRz+pq/AmvCa3g==",
      "cpu": [
        "x64"
      ],
      "license": "Apache-2.0",
      "optional": true,
      "os": [
        "darwin"
      ],
      "engines": {
        "node": ">= 10"
      }
    },
    "node_modules/@livekit/rtc-node-linux-arm64-gnu": {
      "version": "0.12.2",
      "resolved": "https://registry.npmjs.org/@livekit/rtc-node-linux-arm64-gnu/-/rtc-node-linux-arm64-gnu-0.12.2.tgz",
      "integrity": "sha512-XGFbLDJapLIVBU0Ka6kmXiZfrGjLliSA0PgceKhMG2Tz2r+xjGCDPMrPT3ViwISVpcfFdY3pr4Fgg0m6tLwviQ==",
      "cpu": [
        "arm64"
      ],
      "license": "Apache-2.0",
      "optional": true,
      "os": [
        "linux"
      ],
      "engines": {
        "node": ">= 10"
      }
    },
    "node_modules/@livekit/rtc-node-linux-x64-gnu": {
      "version": "0.12.2",
      "resolved": "https://registry.npmjs.org/@livekit/rtc-node-linux-x64-gnu/-/rtc-node-linux-x64-gnu-0.12.2.tgz",
      "integrity": "sha512-qEGJ49bXrhH/ob8+BpfldP5GikgsT5QmL1pHX6vo3HyNyDUx8crW7wA5K1SI0LfYBEw6nI3T9GDwPURymASUKg==",
      "cpu": [
        "x64"
      ],
      "license": "Apache-2.0",
      "optional": true,
      "os": [
        "linux"
      ],
      "engines": {
        "node": ">= 10"
      }
    },
    "node_modules/@livekit/rtc-node-win32-x64-msvc": {
      "version": "0.12.2",
      "resolved": "https://registry.npmjs.org/@livekit/rtc-node-win32-x64-msvc/-/rtc-node-win32-x64-msvc-0.12.2.tgz",
      "integrity": "sha512-HrAv+qEkaENoPyfFzSlsze6Mn6/QhWnxm2Jjx0hIx5Jd8eKpNfyG3BOUIn5jLZgCfNmSRr0M7hCnhVf9h5AuoA==",
      "cpu": [
        "x64"
      ],
      "license": "Apache-2.0",
      "optional": true,
      "os": [
        "win32"
      ],
      "engines": {
        "node": ">= 10"
      }
    },
    "node_modules/@livekit/typed-emitter": {
      "version": "3.0.0",
      "resolved": "https://registry.npmjs.org/@livekit/typed-emitter/-/typed-emitter-3.0.0.tgz",
      "integrity": "sha512-9bl0k4MgBPZu3Qu3R3xy12rmbW17e3bE9yf4YY85gJIQ3ezLEj/uzpKHWBsLaDoL5Mozz8QCgggwIBudYQWeQg==",
      "license": "MIT"
    },
    "node_modules/@types/node": {
      "version": "20.19.32",
      "resolved": "https://registry.npmjs.org/@types/node/-/node-20.19.32.tgz",
      "integrity": "sha512-Ez8QE4DMfhjjTsES9K2dwfV258qBui7qxUsoaixZDiTzbde4U12e1pXGNu/ECsUIOi5/zoCxAQxIhQnaUQ2VvA==",
      "dev": true,
      "license": "MIT",
      "dependencies": {
        "undici-types": "~6.21.0"
      }
    },
    "node_modules/typescript": {
      "version": "5.9.3",
      "resolved": "https://registry.npmjs.org/typescript/-/typescript-5.9.3.tgz",
      "integrity": "sha512-jl1vZzPDinLr9eUt3J/t7V6FgNEw9QjvBPdysz9KfQDD41fQrC2Y4vKQdiaUpFT4bXlb1RHhLpp8wtm6M5TgSw==",
      "dev": true,
      "license": "Apache-2.0",
      "bin": {
        "tsc": "bin/tsc",
        "tsserver": "bin/tsserver"
      },
      "engines": {
        "node": ">=14.17"
      }
    },
    "node_modules/undici-types": {
      "version": "6.21.0",
      "resolved": "https://registry.npmjs.org/undici-types/-/undici-types-6.21.0.tgz",
      "integrity": "sha512-iwDZqg0QAGrg9Rav5H4n0M64c3mkR59cJ6wQp+7C4nI0gsmExaedaYLNO44eT4AtBBwjbTiGPMlt2Md0T9H9JQ==",
      "dev": true,
      "license": "MIT"
    }
  }
}
